{
  "name": "Blockchain_20",
  "lockfileVersion": 2,
  "requires": true,
  "packages": {
    "": {
      "dependencies": {
        "crypto-js": "^4.1.1",
        "elliptic": "^6.5.4",
        "js-crypto-ec": "^1.0.4"
      }
    },
    "node_modules/asn1.js": {
      "version": "5.4.1",
      "resolved": "https://registry.npmjs.org/asn1.js/-/asn1.js-5.4.1.tgz",
      "integrity": "sha512-+I//4cYPccV8LdmBLiX8CYvf9Sp3vQsrqu2QNXRcrbiWvcx/UdlFiqUJJzxRQxgsZmvhXhn4cSKeSmoFjVdupA==",
      "dependencies": {
        "bn.js": "^4.0.0",
        "inherits": "^2.0.1",
        "minimalistic-assert": "^1.0.0",
        "safer-buffer": "^2.1.0"
      }
    },
    "node_modules/base64-js": {
      "version": "1.5.1",
      "resolved": "https://registry.npmjs.org/base64-js/-/base64-js-1.5.1.tgz",
      "integrity": "sha512-AKpaYlHn8t4SVbOHCy+b5+KKgvR4vrsD8vbvrbiQJps7fKDTkjkDry6ji0rUJjC0kzbNePLwzxq8iypo41qeWA==",
      "funding": [
        {
          "type": "github",
          "url": "https://github.com/sponsors/feross"
        },
        {
          "type": "patreon",
          "url": "https://www.patreon.com/feross"
        },
        {
          "type": "consulting",
          "url": "https://feross.org/support"
        }
      ]
    },
    "node_modules/bn.js": {
      "version": "4.12.0",
      "resolved": "https://registry.npmjs.org/bn.js/-/bn.js-4.12.0.tgz",
      "integrity": "sha512-c98Bf3tPniI+scsdk237ku1Dc3ujXQTSgyiPUDEOe7tRkhrqridvh8klBv0HCEso1OLOYcHuCv/cS6DNxKH+ZA=="
    },
    "node_modules/brorand": {
      "version": "1.1.0",
      "resolved": "https://registry.npmjs.org/brorand/-/brorand-1.1.0.tgz",
      "integrity": "sha512-cKV8tMCEpQs4hK/ik71d6LrPOnpkpGBR0wzxqr68g2m/LB2GxVYQroAjMJZRVM1Y4BCjCKc3vAamxSzOY2RP+w=="
    },
    "node_modules/buffer": {
      "version": "6.0.3",
      "resolved": "https://registry.npmjs.org/buffer/-/buffer-6.0.3.tgz",
      "integrity": "sha512-FTiCpNxtwiZZHEZbcbTIcZjERVICn9yq/pDFkTl95/AxzD1naBctN7YO68riM/gLSDY7sdrMby8hofADYuuqOA==",
      "funding": [
        {
          "type": "github",
          "url": "https://github.com/sponsors/feross"
        },
        {
          "type": "patreon",
          "url": "https://www.patreon.com/feross"
        },
        {
          "type": "consulting",
          "url": "https://feross.org/support"
        }
      ],
      "dependencies": {
        "base64-js": "^1.3.1",
        "ieee754": "^1.2.1"
      }
    },
    "node_modules/charenc": {
      "version": "0.0.2",
      "resolved": "https://registry.npmjs.org/charenc/-/charenc-0.0.2.tgz",
      "integrity": "sha512-yrLQ/yVUFXkzg7EDQsPieE/53+0RlaWTs+wBrvW36cyilJ2SaDWfl4Yj7MtLTXleV9uEKefbAGUPv2/iWSooRA==",
      "engines": {
        "node": "*"
      }
    },
    "node_modules/crypt": {
      "version": "0.0.2",
      "resolved": "https://registry.npmjs.org/crypt/-/crypt-0.0.2.tgz",
      "integrity": "sha512-mCxBlsHFYh9C+HVpiEacem8FEBnMXgU9gy4zmNC+SXAZNB/1idgp/aulFJ4FgCi7GPEVbfyng092GqL2k2rmow==",
      "engines": {
        "node": "*"
      }
    },
    "node_modules/crypto-js": {
      "version": "4.1.1",
      "resolved": "https://registry.npmjs.org/crypto-js/-/crypto-js-4.1.1.tgz",
      "integrity": "sha512-o2JlM7ydqd3Qk9CA0L4NL6mTzU2sdx96a+oOfPu8Mkl/PK51vSyoi8/rQ8NknZtk44vq15lmhAj9CIAGwgeWKw=="
    },
    "node_modules/des.js": {
      "version": "1.0.1",
      "resolved": "https://registry.npmjs.org/des.js/-/des.js-1.0.1.tgz",
      "integrity": "sha512-Q0I4pfFrv2VPd34/vfLrFOoRmlYj3OV50i7fskps1jZWK1kApMWWT9G6RRUeYedLcBDIhnSDaUvJMb3AhUlaEA==",
      "dependencies": {
        "inherits": "^2.0.1",
        "minimalistic-assert": "^1.0.0"
      }
    },
    "node_modules/elliptic": {
      "version": "6.5.4",
      "resolved": "https://registry.npmjs.org/elliptic/-/elliptic-6.5.4.tgz",
      "integrity": "sha512-iLhC6ULemrljPZb+QutR5TQGB+pdW6KGD5RSegS+8sorOZT+rdQFbsQFJgvN3eRqNALqJer4oQ16YvJHlU8hzQ==",
      "dependencies": {
        "bn.js": "^4.11.9",
        "brorand": "^1.1.0",
        "hash.js": "^1.0.0",
        "hmac-drbg": "^1.0.1",
        "inherits": "^2.0.4",
        "minimalistic-assert": "^1.0.1",
        "minimalistic-crypto-utils": "^1.0.1"
      }
    },
    "node_modules/hash.js": {
      "version": "1.1.7",
      "resolved": "https://registry.npmjs.org/hash.js/-/hash.js-1.1.7.tgz",
      "integrity": "sha512-taOaskGt4z4SOANNseOviYDvjEJinIkRgmp7LbKP2YTTmVxWBl87s/uzK9r+44BclBSp2X7K1hqeNfz9JbBeXA==",
      "dependencies": {
        "inherits": "^2.0.3",
        "minimalistic-assert": "^1.0.1"
      }
    },
    "node_modules/hmac-drbg": {
      "version": "1.0.1",
      "resolved": "https://registry.npmjs.org/hmac-drbg/-/hmac-drbg-1.0.1.tgz",
      "integrity": "sha512-Tti3gMqLdZfhOQY1Mzf/AanLiqh1WTiJgEj26ZuYQ9fbkLomzGchCws4FyrSd4VkpBfiNhaE1On+lOz894jvXg==",
      "dependencies": {
        "hash.js": "^1.0.3",
        "minimalistic-assert": "^1.0.0",
        "minimalistic-crypto-utils": "^1.0.1"
      }
    },
    "node_modules/ieee754": {
      "version": "1.2.1",
      "resolved": "https://registry.npmjs.org/ieee754/-/ieee754-1.2.1.tgz",
      "integrity": "sha512-dcyqhDvX1C46lXZcVqCpK+FtMRQVdIMN6/Df5js2zouUsqG7I6sFxitIC+7KYK29KdXOLHdu9zL4sFnoVQnqaA==",
      "funding": [
        {
          "type": "github",
          "url": "https://github.com/sponsors/feross"
        },
        {
          "type": "patreon",
          "url": "https://www.patreon.com/feross"
        },
        {
          "type": "consulting",
          "url": "https://feross.org/support"
        }
      ]
    },
    "node_modules/inherits": {
      "version": "2.0.4",
      "resolved": "https://registry.npmjs.org/inherits/-/inherits-2.0.4.tgz",
      "integrity": "sha512-k/vGaX4/Yla3WzyMCvTQOXYeIHvqOKtnqBduzTHpzpQZzAskKMhZ2K+EnBiSM9zGSoIFeMpXKxa4dYeZIQqewQ=="
    },
    "node_modules/is-buffer": {
      "version": "1.1.6",
      "resolved": "https://registry.npmjs.org/is-buffer/-/is-buffer-1.1.6.tgz",
      "integrity": "sha512-NcdALwpXkTm5Zvvbk7owOUSvVvBKDgKP5/ewfXEznmQFfs4ZRmanOeKBTjRVjka3QFoN6XJ+9F3USqfHqTaU5w=="
    },
    "node_modules/js-crypto-aes": {
      "version": "1.0.4",
      "resolved": "https://registry.npmjs.org/js-crypto-aes/-/js-crypto-aes-1.0.4.tgz",
      "integrity": "sha512-L2fh7Q55+8eS/ALbhgAZYZpTkuo+n12+3GpuUE+U6SGlObmwibG5rVtDTVSTNgV9VuzD2BaY4unTkRWTcfLYxg==",
      "dependencies": {
        "js-crypto-env": "^1.0.4"
      }
    },
    "node_modules/js-crypto-ec": {
      "version": "1.0.4",
      "resolved": "https://registry.npmjs.org/js-crypto-ec/-/js-crypto-ec-1.0.4.tgz",
      "integrity": "sha512-c6L01j/QDR3mpP5vyqyayz1ljfWdjoCFaHjg1hcV5yS4JPfQ8RxaVzRwEFRuJkeHfe5ujf+EHOCwhdq18nJa2A==",
      "dependencies": {
        "asn1.js": "~5.4.1",
        "buffer": "~6.0.0",
        "elliptic": "~6.5.0",
        "js-crypto-env": "^1.0.4",
        "js-crypto-hash": "^1.0.4",
        "js-crypto-key-utils": "^1.0.4",
        "js-crypto-random": "^1.0.4",
        "js-encoding-utils": "0.7.1"
      }
    },
    "node_modules/js-crypto-env": {
      "version": "1.0.4",
      "resolved": "https://registry.npmjs.org/js-crypto-env/-/js-crypto-env-1.0.4.tgz",
      "integrity": "sha512-b7WdjaX4csatMPfZ/mQ94yb/XTKe3o6qt0jPBVbKmaiOH97e+FlmIANoFEMrhxQM1xxKfA2QYLjgqL/YtdMm9g=="
    },
    "node_modules/js-crypto-hash": {
      "version": "1.0.4",
      "resolved": "https://registry.npmjs.org/js-crypto-hash/-/js-crypto-hash-1.0.4.tgz",
      "integrity": "sha512-zOjO2TitE+46k9DFyULMAy3bIRKsplzjLq6rLeQXzVlN+6+vd2dpchKN0l5WHO5V8nxjC1gEHoltgB7UQGzuUw==",
      "dependencies": {
        "buffer": "~6.0.0",
        "hash.js": "~1.1.7",
        "js-crypto-env": "^1.0.4",
        "md5": "~2.3.0",
        "sha3": "~2.1.0"
      }
    },
    "node_modules/js-crypto-hmac": {
      "version": "1.0.4",
      "resolved": "https://registry.npmjs.org/js-crypto-hmac/-/js-crypto-hmac-1.0.4.tgz",
      "integrity": "sha512-J/t+qtFEv2i4vmsbUXnnuaYGIyFMuDgV0fU1LIjRZZDlMZJVv2NEznRjrjFZNfT12X7HHgANFsnyqnoYabuE1A==",
      "dependencies": {
        "js-crypto-env": "^1.0.4",
        "js-crypto-hash": "^1.0.4"
      }
    },
    "node_modules/js-crypto-key-utils": {
      "version": "1.0.4",
      "resolved": "https://registry.npmjs.org/js-crypto-key-utils/-/js-crypto-key-utils-1.0.4.tgz",
      "integrity": "sha512-60z2B9jl+T3Z58fCcl4fjn7KiveKpk3ztgaSzBP3bw4IVYieybHM8YCHkyNuCP6Oz3Jm49/PO8rvLpOqhPwhmQ==",
      "dependencies": {
        "asn1.js": "~5.4.1",
        "buffer": "~6.0.0",
        "des.js": "~1.0.0",
        "elliptic": "~6.5.0",
        "js-crypto-aes": "^1.0.4",
        "js-crypto-hash": "^1.0.4",
        "js-crypto-pbkdf": "^1.0.4",
        "js-crypto-random": "^1.0.4",
        "js-encoding-utils": "0.7.1",
        "lodash.clonedeep": "~4.5.0"
      }
    },
    "node_modules/js-crypto-pbkdf": {
      "version": "1.0.4",
      "resolved": "https://registry.npmjs.org/js-crypto-pbkdf/-/js-crypto-pbkdf-1.0.4.tgz",
      "integrity": "sha512-SB0Yp0b6py8L1CqhMtDvq1uxfE/0Q8tkoE8w0nliUK32mx11iHnW/NBhhaqGAq6Pe+2/SKT057KirgSiT82tIw==",
      "dependencies": {
        "js-crypto-hash": "^1.0.4",
        "js-crypto-hmac": "^1.0.4",
        "js-encoding-utils": "0.7.1"
      }
    },
    "node_modules/js-crypto-random": {
      "version": "1.0.4",
      "resolved": "https://registry.npmjs.org/js-crypto-random/-/js-crypto-random-1.0.4.tgz",
      "integrity": "sha512-ldTK4y+ymaXWFL13EUh+Kvl3/UQ2GdfqDbI4ScNYS0/T2knijM9duOXO8qd9e6RYwdrOupyiAu4o538VQnktuw==",
      "dependencies": {
        "js-crypto-env": "^1.0.4"
      }
    },
    "node_modules/js-encoding-utils": {
      "version": "0.7.1",
      "resolved": "https://registry.npmjs.org/js-encoding-utils/-/js-encoding-utils-0.7.1.tgz",
      "integrity": "sha512-b17H4Se1eCMiAyLZ0WloE6Y9ilsggI0XnJsRKAxYxJQyRlNtunwjkvppxJwpsyT7n/5zmEIg2of7sKJWj7qcxA=="
    },
    "node_modules/lodash.clonedeep": {
      "version": "4.5.0",
      "resolved": "https://registry.npmjs.org/lodash.clonedeep/-/lodash.clonedeep-4.5.0.tgz",
      "integrity": "sha512-H5ZhCF25riFd9uB5UCkVKo61m3S/xZk1x4wA6yp/L3RFP6Z/eHH1ymQcGLo7J3GMPfm0V/7m1tryHuGVxpqEBQ=="
    },
    "node_modules/md5": {
      "version": "2.3.0",
      "resolved": "https://registry.npmjs.org/md5/-/md5-2.3.0.tgz",
      "integrity": "sha512-T1GITYmFaKuO91vxyoQMFETst+O71VUPEU3ze5GNzDm0OWdP8v1ziTaAEPUr/3kLsY3Sftgz242A1SetQiDL7g==",
      "dependencies": {
        "charenc": "0.0.2",
        "crypt": "0.0.2",
        "is-buffer": "~1.1.6"
      }
    },
    "node_modules/minimalistic-assert": {
      "version": "1.0.1",
      "resolved": "https://registry.npmjs.org/minimalistic-assert/-/minimalistic-assert-1.0.1.tgz",
      "integrity": "sha512-UtJcAD4yEaGtjPezWuO9wC4nwUnVH/8/Im3yEHQP4b67cXlD/Qr9hdITCU1xDbSEXg2XKNaP8jsReV7vQd00/A=="
    },
    "node_modules/minimalistic-crypto-utils": {
      "version": "1.0.1",
      "resolved": "https://registry.npmjs.org/minimalistic-crypto-utils/-/minimalistic-crypto-utils-1.0.1.tgz",
      "integrity": "sha512-JIYlbt6g8i5jKfJ3xz7rF0LXmv2TkDxBLUkiBeZ7bAx4GnnNMr8xFpGnOxn6GhTEHx3SjRrZEoU+j04prX1ktg=="
    },
    "node_modules/safer-buffer": {
      "version": "2.1.2",
      "resolved": "https://registry.npmjs.org/safer-buffer/-/safer-buffer-2.1.2.tgz",
      "integrity": "sha512-YZo3K82SD7Riyi0E1EQPojLz7kpepnSQI9IyPbHHg1XXXevb5dJI7tpyN2ADxGcQbHG7vcyRHk0cbwqcQriUtg=="
    },
    "node_modules/sha3": {
      "version": "2.1.4",
      "resolved": "https://registry.npmjs.org/sha3/-/sha3-2.1.4.tgz",
      "integrity": "sha512-S8cNxbyb0UGUM2VhRD4Poe5N58gJnJsLJ5vC7FYWGUmGhcsj4++WaIOBFVDxlG0W3To6xBuiRh+i0Qp2oNCOtg==",
      "dependencies": {
        "buffer": "6.0.3"
      }
    }
  },
  "dependencies": {
    "asn1.js": {
      "version": "5.4.1",
      "resolved": "https://registry.npmjs.org/asn1.js/-/asn1.js-5.4.1.tgz",
      "integrity": "sha512-+I//4cYPccV8LdmBLiX8CYvf9Sp3vQsrqu2QNXRcrbiWvcx/UdlFiqUJJzxRQxgsZmvhXhn4cSKeSmoFjVdupA==",
      "requires": {
        "bn.js": "^4.0.0",
        "inherits": "^2.0.1",
        "minimalistic-assert": "^1.0.0",
        "safer-buffer": "^2.1.0"
      }
    },
    "base64-js": {
      "version": "1.5.1",
      "resolved": "https://registry.npmjs.org/base64-js/-/base64-js-1.5.1.tgz",
      "integrity": "sha512-AKpaYlHn8t4SVbOHCy+b5+KKgvR4vrsD8vbvrbiQJps7fKDTkjkDry6ji0rUJjC0kzbNePLwzxq8iypo41qeWA=="
    },
    "bn.js": {
      "version": "4.12.0",
      "resolved": "https://registry.npmjs.org/bn.js/-/bn.js-4.12.0.tgz",
      "integrity": "sha512-c98Bf3tPniI+scsdk237ku1Dc3ujXQTSgyiPUDEOe7tRkhrqridvh8klBv0HCEso1OLOYcHuCv/cS6DNxKH+ZA=="
    },
    "brorand": {
      "version": "1.1.0",
      "resolved": "https://registry.npmjs.org/brorand/-/brorand-1.1.0.tgz",
      "integrity": "sha512-cKV8tMCEpQs4hK/ik71d6LrPOnpkpGBR0wzxqr68g2m/LB2GxVYQroAjMJZRVM1Y4BCjCKc3vAamxSzOY2RP+w=="
    },
    "buffer": {
      "version": "6.0.3",
      "resolved": "https://registry.npmjs.org/buffer/-/buffer-6.0.3.tgz",
      "integrity": "sha512-FTiCpNxtwiZZHEZbcbTIcZjERVICn9yq/pDFkTl95/AxzD1naBctN7YO68riM/gLSDY7sdrMby8hofADYuuqOA==",
      "requires": {
        "base64-js": "^1.3.1",
        "ieee754": "^1.2.1"
      }
    },
    "charenc": {
      "version": "0.0.2",
      "resolved": "https://registry.npmjs.org/charenc/-/charenc-0.0.2.tgz",
      "integrity": "sha512-yrLQ/yVUFXkzg7EDQsPieE/53+0RlaWTs+wBrvW36cyilJ2SaDWfl4Yj7MtLTXleV9uEKefbAGUPv2/iWSooRA=="
    },
    "crypt": {
      "version": "0.0.2",
      "resolved": "https://registry.npmjs.org/crypt/-/crypt-0.0.2.tgz",
      "integrity": "sha512-mCxBlsHFYh9C+HVpiEacem8FEBnMXgU9gy4zmNC+SXAZNB/1idgp/aulFJ4FgCi7GPEVbfyng092GqL2k2rmow=="
    },
    "crypto-js": {
      "version": "4.1.1",
      "resolved": "https://registry.npmjs.org/crypto-js/-/crypto-js-4.1.1.tgz",
      "integrity": "sha512-o2JlM7ydqd3Qk9CA0L4NL6mTzU2sdx96a+oOfPu8Mkl/PK51vSyoi8/rQ8NknZtk44vq15lmhAj9CIAGwgeWKw=="
    },
    "des.js": {
      "version": "1.0.1",
      "resolved": "https://registry.npmjs.org/des.js/-/des.js-1.0.1.tgz",
      "integrity": "sha512-Q0I4pfFrv2VPd34/vfLrFOoRmlYj3OV50i7fskps1jZWK1kApMWWT9G6RRUeYedLcBDIhnSDaUvJMb3AhUlaEA==",
      "requires": {
        "inherits": "^2.0.1",
        "minimalistic-assert": "^1.0.0"
      }
    },
    "elliptic": {
      "version": "6.5.4",
      "resolved": "https://registry.npmjs.org/elliptic/-/elliptic-6.5.4.tgz",
      "integrity": "sha512-iLhC6ULemrljPZb+QutR5TQGB+pdW6KGD5RSegS+8sorOZT+rdQFbsQFJgvN3eRqNALqJer4oQ16YvJHlU8hzQ==",
      "requires": {
        "bn.js": "^4.11.9",
        "brorand": "^1.1.0",
        "hash.js": "^1.0.0",
        "hmac-drbg": "^1.0.1",
        "inherits": "^2.0.4",
        "minimalistic-assert": "^1.0.1",
        "minimalistic-crypto-utils": "^1.0.1"
      }
    },
    "hash.js": {
      "version": "1.1.7",
      "resolved": "https://registry.npmjs.org/hash.js/-/hash.js-1.1.7.tgz",
      "integrity": "sha512-taOaskGt4z4SOANNseOviYDvjEJinIkRgmp7LbKP2YTTmVxWBl87s/uzK9r+44BclBSp2X7K1hqeNfz9JbBeXA==",
      "requires": {
        "inherits": "^2.0.3",
        "minimalistic-assert": "^1.0.1"
      }
    },
    "hmac-drbg": {
      "version": "1.0.1",
      "resolved": "https://registry.npmjs.org/hmac-drbg/-/hmac-drbg-1.0.1.tgz",
      "integrity": "sha512-Tti3gMqLdZfhOQY1Mzf/AanLiqh1WTiJgEj26ZuYQ9fbkLomzGchCws4FyrSd4VkpBfiNhaE1On+lOz894jvXg==",
      "requires": {
        "hash.js": "^1.0.3",
        "minimalistic-assert": "^1.0.0",
        "minimalistic-crypto-utils": "^1.0.1"
      }
    },
    "ieee754": {
      "version": "1.2.1",
      "resolved": "https://registry.npmjs.org/ieee754/-/ieee754-1.2.1.tgz",
      "integrity": "sha512-dcyqhDvX1C46lXZcVqCpK+FtMRQVdIMN6/Df5js2zouUsqG7I6sFxitIC+7KYK29KdXOLHdu9zL4sFnoVQnqaA=="
    },
    "inherits": {
      "version": "2.0.4",
      "resolved": "https://registry.npmjs.org/inherits/-/inherits-2.0.4.tgz",
      "integrity": "sha512-k/vGaX4/Yla3WzyMCvTQOXYeIHvqOKtnqBduzTHpzpQZzAskKMhZ2K+EnBiSM9zGSoIFeMpXKxa4dYeZIQqewQ=="
    },
    "is-buffer": {
      "version": "1.1.6",
      "resolved": "https://registry.npmjs.org/is-buffer/-/is-buffer-1.1.6.tgz",
      "integrity": "sha512-NcdALwpXkTm5Zvvbk7owOUSvVvBKDgKP5/ewfXEznmQFfs4ZRmanOeKBTjRVjka3QFoN6XJ+9F3USqfHqTaU5w=="
    },
    "js-crypto-aes": {
      "version": "1.0.4",
      "resolved": "https://registry.npmjs.org/js-crypto-aes/-/js-crypto-aes-1.0.4.tgz",
      "integrity": "sha512-L2fh7Q55+8eS/ALbhgAZYZpTkuo+n12+3GpuUE+U6SGlObmwibG5rVtDTVSTNgV9VuzD2BaY4unTkRWTcfLYxg==",
      "requires": {
        "js-crypto-env": "^1.0.4"
      }
    },
    "js-crypto-ec": {
      "version": "1.0.4",
      "resolved": "https://registry.npmjs.org/js-crypto-ec/-/js-crypto-ec-1.0.4.tgz",
      "integrity": "sha512-c6L01j/QDR3mpP5vyqyayz1ljfWdjoCFaHjg1hcV5yS4JPfQ8RxaVzRwEFRuJkeHfe5ujf+EHOCwhdq18nJa2A==",
      "requires": {
        "asn1.js": "~5.4.1",
        "buffer": "~6.0.0",
        "elliptic": "~6.5.0",
        "js-crypto-env": "^1.0.4",
        "js-crypto-hash": "^1.0.4",
        "js-crypto-key-utils": "^1.0.4",
        "js-crypto-random": "^1.0.4",
        "js-encoding-utils": "0.7.1"
      }
    },
    "js-crypto-env": {
      "version": "1.0.4",
      "resolved": "https://registry.npmjs.org/js-crypto-env/-/js-crypto-env-1.0.4.tgz",
      "integrity": "sha512-b7WdjaX4csatMPfZ/mQ94yb/XTKe3o6qt0jPBVbKmaiOH97e+FlmIANoFEMrhxQM1xxKfA2QYLjgqL/YtdMm9g=="
    },
    "js-crypto-hash": {
      "version": "1.0.4",
      "resolved": "https://registry.npmjs.org/js-crypto-hash/-/js-crypto-hash-1.0.4.tgz",
      "integrity": "sha512-zOjO2TitE+46k9DFyULMAy3bIRKsplzjLq6rLeQXzVlN+6+vd2dpchKN0l5WHO5V8nxjC1gEHoltgB7UQGzuUw==",
      "requires": {
        "buffer": "~6.0.0",
        "hash.js": "~1.1.7",
        "js-crypto-env": "^1.0.4",
        "md5": "~2.3.0",
        "sha3": "~2.1.0"
      }
    },
    "js-crypto-hmac": {
      "version": "1.0.4",
      "resolved": "https://registry.npmjs.org/js-crypto-hmac/-/js-crypto-hmac-1.0.4.tgz",
      "integrity": "sha512-J/t+qtFEv2i4vmsbUXnnuaYGIyFMuDgV0fU1LIjRZZDlMZJVv2NEznRjrjFZNfT12X7HHgANFsnyqnoYabuE1A==",
      "requires": {
        "js-crypto-env": "^1.0.4",
        "js-crypto-hash": "^1.0.4"
      }
    },
    "js-crypto-key-utils": {
      "version": "1.0.4",
      "resolved": "https://registry.npmjs.org/js-crypto-key-utils/-/js-crypto-key-utils-1.0.4.tgz",
      "integrity": "sha512-60z2B9jl+T3Z58fCcl4fjn7KiveKpk3ztgaSzBP3bw4IVYieybHM8YCHkyNuCP6Oz3Jm49/PO8rvLpOqhPwhmQ==",
      "requires": {
        "asn1.js": "~5.4.1",
        "buffer": "~6.0.0",
        "des.js": "~1.0.0",
        "elliptic": "~6.5.0",
        "js-crypto-aes": "^1.0.4",
        "js-crypto-hash": "^1.0.4",
        "js-crypto-pbkdf": "^1.0.4",
        "js-crypto-random": "^1.0.4",
        "js-encoding-utils": "0.7.1",
        "lodash.clonedeep": "~4.5.0"
      }
    },
    "js-crypto-pbkdf": {
      "version": "1.0.4",
      "resolved": "https://registry.npmjs.org/js-crypto-pbkdf/-/js-crypto-pbkdf-1.0.4.tgz",
      "integrity": "sha512-SB0Yp0b6py8L1CqhMtDvq1uxfE/0Q8tkoE8w0nliUK32mx11iHnW/NBhhaqGAq6Pe+2/SKT057KirgSiT82tIw==",
      "requires": {
        "js-crypto-hash": "^1.0.4",
        "js-crypto-hmac": "^1.0.4",
        "js-encoding-utils": "0.7.1"
      }
    },
    "js-crypto-random": {
      "version": "1.0.4",
      "resolved": "https://registry.npmjs.org/js-crypto-random/-/js-crypto-random-1.0.4.tgz",
      "integrity": "sha512-ldTK4y+ymaXWFL13EUh+Kvl3/UQ2GdfqDbI4ScNYS0/T2knijM9duOXO8qd9e6RYwdrOupyiAu4o538VQnktuw==",
      "requires": {
        "js-crypto-env": "^1.0.4"
      }
    },
    "js-encoding-utils": {
      "version": "0.7.1",
      "resolved": "https://registry.npmjs.org/js-encoding-utils/-/js-encoding-utils-0.7.1.tgz",
      "integrity": "sha512-b17H4Se1eCMiAyLZ0WloE6Y9ilsggI0XnJsRKAxYxJQyRlNtunwjkvppxJwpsyT7n/5zmEIg2of7sKJWj7qcxA=="
    },
    "lodash.clonedeep": {
      "version": "4.5.0",
      "resolved": "https://registry.npmjs.org/lodash.clonedeep/-/lodash.clonedeep-4.5.0.tgz",
      "integrity": "sha512-H5ZhCF25riFd9uB5UCkVKo61m3S/xZk1x4wA6yp/L3RFP6Z/eHH1ymQcGLo7J3GMPfm0V/7m1tryHuGVxpqEBQ=="
    },
    "md5": {
      "version": "2.3.0",
      "resolved": "https://registry.npmjs.org/md5/-/md5-2.3.0.tgz",
      "integrity": "sha512-T1GITYmFaKuO91vxyoQMFETst+O71VUPEU3ze5GNzDm0OWdP8v1ziTaAEPUr/3kLsY3Sftgz242A1SetQiDL7g==",
      "requires": {
        "charenc": "0.0.2",
        "crypt": "0.0.2",
        "is-buffer": "~1.1.6"
      }
    },
    "minimalistic-assert": {
      "version": "1.0.1",
      "resolved": "https://registry.npmjs.org/minimalistic-assert/-/minimalistic-assert-1.0.1.tgz",
      "integrity": "sha512-UtJcAD4yEaGtjPezWuO9wC4nwUnVH/8/Im3yEHQP4b67cXlD/Qr9hdITCU1xDbSEXg2XKNaP8jsReV7vQd00/A=="
    },
    "minimalistic-crypto-utils": {
      "version": "1.0.1",
      "resolved": "https://registry.npmjs.org/minimalistic-crypto-utils/-/minimalistic-crypto-utils-1.0.1.tgz",
      "integrity": "sha512-JIYlbt6g8i5jKfJ3xz7rF0LXmv2TkDxBLUkiBeZ7bAx4GnnNMr8xFpGnOxn6GhTEHx3SjRrZEoU+j04prX1ktg=="
    },
    "safer-buffer": {
      "version": "2.1.2",
      "resolved": "https://registry.npmjs.org/safer-buffer/-/safer-buffer-2.1.2.tgz",
      "integrity": "sha512-YZo3K82SD7Riyi0E1EQPojLz7kpepnSQI9IyPbHHg1XXXevb5dJI7tpyN2ADxGcQbHG7vcyRHk0cbwqcQriUtg=="
    },
    "sha3": {
      "version": "2.1.4",
      "resolved": "https://registry.npmjs.org/sha3/-/sha3-2.1.4.tgz",
      "integrity": "sha512-S8cNxbyb0UGUM2VhRD4Poe5N58gJnJsLJ5vC7FYWGUmGhcsj4++WaIOBFVDxlG0W3To6xBuiRh+i0Qp2oNCOtg==",
      "requires": {
        "buffer": "6.0.3"
      }
    }
  }
}
